Microsoft Visual Studio Solution File, Format Version 12.00
# Visual Studio Version 17
VisualStudioVersion = 17.5.2.0
MinimumVisualStudioVersion = 10.0.40219.1
Project("{FAE04EC0-301F-11D3-BF4B-00C04F79EFBC}") = "StargateAPI", "api\StargateAPI.csproj", "{CA71C904-2E24-CA7B-082F-D50A8A53BA59}"
EndProject
Project("{FAE04EC0-301F-11D3-BF4B-00C04F79EFBC}") = "StarGateTests", "StarGateTests\StarGateTests.csproj", "{6FA06419-7938-4417-8772-49AD93D064F6}"
EndProject
Project("{FAE04EC0-301F-11D3-BF4B-00C04F79EFBC}") = "StargateDemo", "StargateDemo\StargateDemo.csproj", "{584B781E-BEE9-124A-544B-D359E476AE98}"
EndProject
Global
	GlobalSection(SolutionConfigurationPlatforms) = preSolution
		Debug|Any CPU = Debug|Any CPU
		Release|Any CPU = Release|Any CPU
	EndGlobalSection
	GlobalSection(ProjectConfigurationPlatforms) = postSolution
		{CA71C904-2E24-CA7B-082F-D50A8A53BA59}.Debug|Any CPU.ActiveCfg = Debug|Any CPU
		{CA71C904-2E24-CA7B-082F-D50A8A53BA59}.Debug|Any CPU.Build.0 = Debug|Any CPU
		{CA71C904-2E24-CA7B-082F-D50A8A53BA59}.Release|Any CPU.ActiveCfg = Release|Any CPU
		{CA71C904-2E24-CA7B-082F-D50A8A53BA59}.Release|Any CPU.Build.0 = Release|Any CPU
		{6FA06419-7938-4417-8772-49AD93D064F6}.Debug|Any CPU.ActiveCfg = Debug|Any CPU
		{6FA06419-7938-4417-8772-49AD93D064F6}.Debug|Any CPU.Build.0 = Debug|Any CPU
		{6FA06419-7938-4417-8772-49AD93D064F6}.Release|Any CPU.ActiveCfg = Release|Any CPU
		{6FA06419-7938-4417-8772-49AD93D064F6}.Release|Any CPU.Build.0 = Release|Any CPU
		{584B781E-BEE9-124A-544B-D359E476AE98}.Debug|Any CPU.ActiveCfg = Debug|Any CPU
		{584B781E-BEE9-124A-544B-D359E476AE98}.Debug|Any CPU.Build.0 = Debug|Any CPU
		{584B781E-BEE9-124A-544B-D359E476AE98}.Release|Any CPU.ActiveCfg = Release|Any CPU
		{584B781E-BEE9-124A-544B-D359E476AE98}.Release|Any CPU.Build.0 = Release|Any CPU
	EndGlobalSection
	GlobalSection(SolutionProperties) = preSolution
		HideSolutionNode = FALSE
	EndGlobalSection
	GlobalSection(ExtensibilityGlobals) = postSolution
		SolutionGuid = {0078C5AF-E60C-4D1E-896E-B66874634BA3}
	EndGlobalSection
EndGlobal
